{
  "requires": true,
  "lockfileVersion": 1,
  "dependencies": {
    "@stripe/stripe-js": {
      "version": "1.19.1",
      "resolved": "https://registry.npmjs.org/@stripe/stripe-js/-/stripe-js-1.19.1.tgz",
      "integrity": "sha512-gvaQ51FXHHKMypXMlSPZbpb7e5671oqySqEfU2MviAQCsikV/+vnvPPxOged4RvNwNM7v4ocsKadQwqIwPhgrQ=="
    }
  }
}
